
Microsoft Visual Studio Solution File, Format Version 12.00
# Visual Studio Version 16
VisualStudioVersion = 16.0.29503.13
MinimumVisualStudioVersion = 10.0.40219.1
Project("{FAE04EC0-301F-11D3-BF4B-00C04F79EFBC}") = "ShadowTH Text Editor", "ShadowTH Text Editor\ShadowTH Text Editor.csproj", "{97894082-904C-4702-8385-88046684DE02}"
EndProject
Project("{9A19103F-16F7-4668-BE54-9A1E7A4F7556}") = "ShadowFNT", "ShadowFNT\ShadowFNT.csproj", "{D39345BF-DBF9-47DA-938E-A6DB7EB552A3}"
EndProject
Global
	GlobalSection(SolutionConfigurationPlatforms) = preSolution
		Debug|Any CPU = Debug|Any CPU
		Release|Any CPU = Release|Any CPU
	EndGlobalSection
	GlobalSection(ProjectConfigurationPlatforms) = postSolution
		{97894082-904C-4702-8385-88046684DE02}.Debug|Any CPU.ActiveCfg = Debug|Any CPU
		{97894082-904C-4702-8385-88046684DE02}.Debug|Any CPU.Build.0 = Debug|Any CPU
		{97894082-904C-4702-8385-88046684DE02}.Release|Any CPU.ActiveCfg = Release|Any CPU
		{97894082-904C-4702-8385-88046684DE02}.Release|Any CPU.Build.0 = Release|Any CPU
		{D39345BF-DBF9-47DA-938E-A6DB7EB552A3}.Debug|Any CPU.ActiveCfg = Debug|Any CPU
		{D39345BF-DBF9-47DA-938E-A6DB7EB552A3}.Debug|Any CPU.Build.0 = Debug|Any CPU
		{D39345BF-DBF9-47DA-938E-A6DB7EB552A3}.Release|Any CPU.ActiveCfg = Release|Any CPU
		{D39345BF-DBF9-47DA-938E-A6DB7EB552A3}.Release|Any CPU.Build.0 = Release|Any CPU
	EndGlobalSection
	GlobalSection(SolutionProperties) = preSolution
		HideSolutionNode = FALSE
	EndGlobalSection
	GlobalSection(ExtensibilityGlobals) = postSolution
		SolutionGuid = {967E60E1-043C-4ECE-8FE7-AFEAAD933C82}
	EndGlobalSection
EndGlobal
